<?xml version="1.0" encoding="UTF-8"?>
<CodeBlocks_project_file>
	<FileVersion major="1" minor="6"/>
	<Project>
		<Option title="FoodClient"/>
		<Option makefile_is_custom="1"/>
		<Option compiler="msvc8"/>
		<Option virtualFolders="CMake Files\;CMake Files\..\;CMake Files\..\..\;CMake Files\..\..\..\;CMake Files\..\..\..\..\;CMake Files\..\..\..\..\..\;CMake Files\..\..\..\..\..\..\;CMake Files\..\..\..\..\..\..\Qt\;CMake Files\..\..\..\..\..\..\Qt\5.14.2\;CMake Files\..\..\..\..\..\..\Qt\5.14.2\msvc2017_64\;CMake Files\..\..\..\..\..\..\Qt\5.14.2\msvc2017_64\lib\;CMake Files\..\..\..\..\..\..\Qt\5.14.2\msvc2017_64\lib\cmake\;CMake Files\..\..\..\..\..\..\Qt\5.14.2\msvc2017_64\lib\cmake\Qt5\;CMake Files\..\..\..\..\..\..\Qt\5.14.2\msvc2017_64\lib\cmake\Qt5Widgets\;CMake Files\..\..\..\..\..\..\Qt\5.14.2\msvc2017_64\lib\cmake\Qt5Gui\;CMake Files\..\..\..\..\..\..\Qt\5.14.2\msvc2017_64\lib\cmake\Qt5Core\;CMake Files\..\..\..\..\..\..\Qt\5.14.2\msvc2017_64\lib\cmake\Qt5Network\;"/>
		<Build>
			<Target title="all">
				<Option working_dir="C:/Users/xgd/source/repos/Food-DesignPattern/build-FoodClient-release"/>
				<Option type="4"/>
				<MakeCommands>
					<Build command="nmake /NOLOGO /f C:\Users\xgd\source\repos\Food-DesignPattern\build-FoodClient-release\Makefile VERBOSE=1 all"/>
					<CompileFile command="nmake /NOLOGO /f C:\Users\xgd\source\repos\Food-DesignPattern\build-FoodClient-release\Makefile VERBOSE=1 &quot;$file&quot;"/>
					<Clean command="nmake /NOLOGO /f C:\Users\xgd\source\repos\Food-DesignPattern\build-FoodClient-release\Makefile VERBOSE=1 clean"/>
					<DistClean command="nmake /NOLOGO /f C:\Users\xgd\source\repos\Food-DesignPattern\build-FoodClient-release\Makefile VERBOSE=1 clean"/>
				</MakeCommands>
			</Target>
			<Target title="FoodClient">
				<Option output="C:/Users/xgd/source/repos/Food-DesignPattern/build-FoodClient-release/FoodClient.exe" prefix_auto="0" extension_auto="0"/>
				<Option working_dir="C:/Users/xgd/source/repos/Food-DesignPattern/build-FoodClient-release"/>
				<Option object_output="./"/>
				<Option type="1"/>
				<Option compiler="msvc8"/>
				<Compiler>
					<Add option="-DQT_WIDGETS_LIB"/>
					<Add option="-DQT_GUI_LIB"/>
					<Add option="-DQT_CORE_LIB"/>
					<Add option="-DQT_NO_DEBUG"/>
					<Add option="-DQT_NETWORK_LIB"/>
					<Add directory="C:/Users/xgd/source/repos/Food-DesignPattern/build-FoodClient-release/FoodClient_autogen/include"/>
					<Add directory="C:/Qt/5.14.2/msvc2017_64/include"/>
					<Add directory="C:/Qt/5.14.2/msvc2017_64/include/QtWidgets"/>
					<Add directory="C:/Qt/5.14.2/msvc2017_64/include/QtGui"/>
					<Add directory="C:/Qt/5.14.2/msvc2017_64/include/QtANGLE"/>
					<Add directory="C:/Qt/5.14.2/msvc2017_64/include/QtCore"/>
					<Add directory="C:/Qt/5.14.2/msvc2017_64/./mkspecs/win32-msvc"/>
					<Add directory="C:/Qt/5.14.2/msvc2017_64/include/QtNetwork"/>
					<Add directory="C:\Program Files (x86)\Microsoft Visual Studio\2019\Community\VC\Tools\MSVC\14.25.28610\ATLMFC\include"/>
					<Add directory="C:\Program Files (x86)\Microsoft Visual Studio\2019\Community\VC\Tools\MSVC\14.25.28610\include"/>
					<Add directory="C:\Program Files (x86)\Windows Kits\NETFXSDK\4.8\include\um"/>
					<Add directory="C:\Program Files (x86)\Windows Kits\10\include\10.0.18362.0\ucrt"/>
					<Add directory="C:\Program Files (x86)\Windows Kits\10\include\10.0.18362.0\shared"/>
					<Add directory="C:\Program Files (x86)\Windows Kits\10\include\10.0.18362.0\um"/>
					<Add directory="C:\Program Files (x86)\Windows Kits\10\include\10.0.18362.0\winrt"/>
					<Add directory="C:\Program Files (x86)\Windows Kits\10\include\10.0.18362.0\cppwinrt"/>
				</Compiler>
				<MakeCommands>
					<Build command="nmake /NOLOGO /f C:\Users\xgd\source\repos\Food-DesignPattern\build-FoodClient-release\Makefile VERBOSE=1 FoodClient"/>
					<CompileFile command="nmake /NOLOGO /f C:\Users\xgd\source\repos\Food-DesignPattern\build-FoodClient-release\Makefile VERBOSE=1 &quot;$file&quot;"/>
					<Clean command="nmake /NOLOGO /f C:\Users\xgd\source\repos\Food-DesignPattern\build-FoodClient-release\Makefile VERBOSE=1 clean"/>
					<DistClean command="nmake /NOLOGO /f C:\Users\xgd\source\repos\Food-DesignPattern\build-FoodClient-release\Makefile VERBOSE=1 clean"/>
				</MakeCommands>
			</Target>
			<Target title="FoodClient/fast">
				<Option output="C:/Users/xgd/source/repos/Food-DesignPattern/build-FoodClient-release/FoodClient.exe" prefix_auto="0" extension_auto="0"/>
				<Option working_dir="C:/Users/xgd/source/repos/Food-DesignPattern/build-FoodClient-release"/>
				<Option object_output="./"/>
				<Option type="1"/>
				<Option compiler="msvc8"/>
				<Compiler>
					<Add option="-DQT_WIDGETS_LIB"/>
					<Add option="-DQT_GUI_LIB"/>
					<Add option="-DQT_CORE_LIB"/>
					<Add option="-DQT_NO_DEBUG"/>
					<Add option="-DQT_NETWORK_LIB"/>
					<Add directory="C:/Users/xgd/source/repos/Food-DesignPattern/build-FoodClient-release/FoodClient_autogen/include"/>
					<Add directory="C:/Qt/5.14.2/msvc2017_64/include"/>
					<Add directory="C:/Qt/5.14.2/msvc2017_64/include/QtWidgets"/>
					<Add directory="C:/Qt/5.14.2/msvc2017_64/include/QtGui"/>
					<Add directory="C:/Qt/5.14.2/msvc2017_64/include/QtANGLE"/>
					<Add directory="C:/Qt/5.14.2/msvc2017_64/include/QtCore"/>
					<Add directory="C:/Qt/5.14.2/msvc2017_64/./mkspecs/win32-msvc"/>
					<Add directory="C:/Qt/5.14.2/msvc2017_64/include/QtNetwork"/>
					<Add directory="C:\Program Files (x86)\Microsoft Visual Studio\2019\Community\VC\Tools\MSVC\14.25.28610\ATLMFC\include"/>
					<Add directory="C:\Program Files (x86)\Microsoft Visual Studio\2019\Community\VC\Tools\MSVC\14.25.28610\include"/>
					<Add directory="C:\Program Files (x86)\Windows Kits\NETFXSDK\4.8\include\um"/>
					<Add directory="C:\Program Files (x86)\Windows Kits\10\include\10.0.18362.0\ucrt"/>
					<Add directory="C:\Program Files (x86)\Windows Kits\10\include\10.0.18362.0\shared"/>
					<Add directory="C:\Program Files (x86)\Windows Kits\10\include\10.0.18362.0\um"/>
					<Add directory="C:\Program Files (x86)\Windows Kits\10\include\10.0.18362.0\winrt"/>
					<Add directory="C:\Program Files (x86)\Windows Kits\10\include\10.0.18362.0\cppwinrt"/>
				</Compiler>
				<MakeCommands>
					<Build command="nmake /NOLOGO /f C:\Users\xgd\source\repos\Food-DesignPattern\build-FoodClient-release\Makefile VERBOSE=1 FoodClient/fast"/>
					<CompileFile command="nmake /NOLOGO /f C:\Users\xgd\source\repos\Food-DesignPattern\build-FoodClient-release\Makefile VERBOSE=1 &quot;$file&quot;"/>
					<Clean command="nmake /NOLOGO /f C:\Users\xgd\source\repos\Food-DesignPattern\build-FoodClient-release\Makefile VERBOSE=1 clean"/>
					<DistClean command="nmake /NOLOGO /f C:\Users\xgd\source\repos\Food-DesignPattern\build-FoodClient-release\Makefile VERBOSE=1 clean"/>
				</MakeCommands>
			</Target>
			<Target title="edit_cache">
				<Option working_dir="C:/Users/xgd/source/repos/Food-DesignPattern/build-FoodClient-release"/>
				<Option type="4"/>
				<MakeCommands>
					<Build command="nmake /NOLOGO /f C:\Users\xgd\source\repos\Food-DesignPattern\build-FoodClient-release\Makefile VERBOSE=1 edit_cache"/>
					<CompileFile command="nmake /NOLOGO /f C:\Users\xgd\source\repos\Food-DesignPattern\build-FoodClient-release\Makefile VERBOSE=1 &quot;$file&quot;"/>
					<Clean command="nmake /NOLOGO /f C:\Users\xgd\source\repos\Food-DesignPattern\build-FoodClient-release\Makefile VERBOSE=1 clean"/>
					<DistClean command="nmake /NOLOGO /f C:\Users\xgd\source\repos\Food-DesignPattern\build-FoodClient-release\Makefile VERBOSE=1 clean"/>
				</MakeCommands>
			</Target>
			<Target title="rebuild_cache">
				<Option working_dir="C:/Users/xgd/source/repos/Food-DesignPattern/build-FoodClient-release"/>
				<Option type="4"/>
				<MakeCommands>
					<Build command="nmake /NOLOGO /f C:\Users\xgd\source\repos\Food-DesignPattern\build-FoodClient-release\Makefile VERBOSE=1 rebuild_cache"/>
					<CompileFile command="nmake /NOLOGO /f C:\Users\xgd\source\repos\Food-DesignPattern\build-FoodClient-release\Makefile VERBOSE=1 &quot;$file&quot;"/>
					<Clean command="nmake /NOLOGO /f C:\Users\xgd\source\repos\Food-DesignPattern\build-FoodClient-release\Makefile VERBOSE=1 clean"/>
					<DistClean command="nmake /NOLOGO /f C:\Users\xgd\source\repos\Food-DesignPattern\build-FoodClient-release\Makefile VERBOSE=1 clean"/>
				</MakeCommands>
			</Target>
			<Target title="FoodClient_autogen">
				<Option working_dir="C:/Users/xgd/source/repos/Food-DesignPattern/build-FoodClient-release"/>
				<Option type="4"/>
				<MakeCommands>
					<Build command="nmake /NOLOGO /f C:\Users\xgd\source\repos\Food-DesignPattern\build-FoodClient-release\Makefile VERBOSE=1 FoodClient_autogen"/>
					<CompileFile command="nmake /NOLOGO /f C:\Users\xgd\source\repos\Food-DesignPattern\build-FoodClient-release\Makefile VERBOSE=1 &quot;$file&quot;"/>
					<Clean command="nmake /NOLOGO /f C:\Users\xgd\source\repos\Food-DesignPattern\build-FoodClient-release\Makefile VERBOSE=1 clean"/>
					<DistClean command="nmake /NOLOGO /f C:\Users\xgd\source\repos\Food-DesignPattern\build-FoodClient-release\Makefile VERBOSE=1 clean"/>
				</MakeCommands>
			</Target>
		</Build>
		<Unit filename="C:/Users/xgd/source/repos/Food-DesignPattern/FoodClient/image.qrc">
			<Option target="FoodClient"/>
		</Unit>
		<Unit filename="C:/Users/xgd/source/repos/Food-DesignPattern/FoodClient/main.cpp">
			<Option target="FoodClient"/>
		</Unit>
		<Unit filename="C:/Users/xgd/source/repos/Food-DesignPattern/FoodClient/mainwidget.cpp">
			<Option target="FoodClient"/>
		</Unit>
		<Unit filename="C:/Users/xgd/source/repos/Food-DesignPattern/FoodClient/mainwidget.h">
			<Option target="FoodClient"/>
		</Unit>
		<Unit filename="C:/Users/xgd/source/repos/Food-DesignPattern/FoodClient/order.cpp">
			<Option target="FoodClient"/>
		</Unit>
		<Unit filename="C:/Users/xgd/source/repos/Food-DesignPattern/FoodClient/order.h">
			<Option target="FoodClient"/>
		</Unit>
		<Unit filename="C:/Users/xgd/source/repos/Food-DesignPattern/FoodClient/orderform.cpp">
			<Option target="FoodClient"/>
		</Unit>
		<Unit filename="C:/Users/xgd/source/repos/Food-DesignPattern/FoodClient/orderform.h">
			<Option target="FoodClient"/>
		</Unit>
		<Unit filename="C:/Users/xgd/source/repos/Food-DesignPattern/FoodClient/product.cpp">
			<Option target="FoodClient"/>
		</Unit>
		<Unit filename="C:/Users/xgd/source/repos/Food-DesignPattern/FoodClient/product.h">
			<Option target="FoodClient"/>
		</Unit>
		<Unit filename="C:/Users/xgd/source/repos/Food-DesignPattern/FoodClient/productform.cpp">
			<Option target="FoodClient"/>
		</Unit>
		<Unit filename="C:/Users/xgd/source/repos/Food-DesignPattern/FoodClient/productform.h">
			<Option target="FoodClient"/>
		</Unit>
		<Unit filename="C:/Users/xgd/source/repos/Food-DesignPattern/FoodClient/user.cpp">
			<Option target="FoodClient"/>
		</Unit>
		<Unit filename="C:/Users/xgd/source/repos/Food-DesignPattern/FoodClient/user.h">
			<Option target="FoodClient"/>
		</Unit>
		<Unit filename="C:/Users/xgd/source/repos/Food-DesignPattern/FoodClient/userform.cpp">
			<Option target="FoodClient"/>
		</Unit>
		<Unit filename="C:/Users/xgd/source/repos/Food-DesignPattern/FoodClient/userform.h">
			<Option target="FoodClient"/>
		</Unit>
		<Unit filename="C:/Users/xgd/source/repos/Food-DesignPattern/FoodClient/usertodoform.cpp">
			<Option target="FoodClient"/>
		</Unit>
		<Unit filename="C:/Users/xgd/source/repos/Food-DesignPattern/FoodClient/usertodoform.h">
			<Option target="FoodClient"/>
		</Unit>
		<Unit filename="C:/Users/xgd/source/repos/Food-DesignPattern/FoodClient/viewwidget.cpp">
			<Option target="FoodClient"/>
		</Unit>
		<Unit filename="C:/Users/xgd/source/repos/Food-DesignPattern/FoodClient/viewwidget.h">
			<Option target="FoodClient"/>
		</Unit>
		<Unit filename="C:/Users/xgd/source/repos/Food-DesignPattern/build-FoodClient-release/FoodClient_autogen/mocs_compilation.cpp">
			<Option target="FoodClient"/>
		</Unit>
		<Unit filename="C:/Users/xgd/source/repos/Food-DesignPattern/build-FoodClient-release/qrc_image.cpp">
			<Option target="FoodClient"/>
		</Unit>
		<Unit filename="C:/Users/xgd/source/repos/Food-DesignPattern/FoodClient/CMakeLists.txt">
			<Option virtualFolder="CMake Files\"/>
		</Unit>
		<Unit filename="C:/Users/xgd/source/repos/Food-DesignPattern/FoodClient/image.qrc">
			<Option virtualFolder="CMake Files\"/>
		</Unit>
		<Unit filename="C:/Users/xgd/source/repos/Food-DesignPattern/FoodClient/../../../../../../Qt/5.14.2/msvc2017_64/lib/cmake/Qt5/Qt5Config.cmake">
			<Option virtualFolder="CMake Files\..\..\..\..\..\..\Qt\5.14.2\msvc2017_64\lib\cmake\Qt5\"/>
		</Unit>
		<Unit filename="C:/Users/xgd/source/repos/Food-DesignPattern/FoodClient/../../../../../../Qt/5.14.2/msvc2017_64/lib/cmake/Qt5/Qt5ConfigVersion.cmake">
			<Option virtualFolder="CMake Files\..\..\..\..\..\..\Qt\5.14.2\msvc2017_64\lib\cmake\Qt5\"/>
		</Unit>
		<Unit filename="C:/Users/xgd/source/repos/Food-DesignPattern/FoodClient/../../../../../../Qt/5.14.2/msvc2017_64/lib/cmake/Qt5/Qt5ModuleLocation.cmake">
			<Option virtualFolder="CMake Files\..\..\..\..\..\..\Qt\5.14.2\msvc2017_64\lib\cmake\Qt5\"/>
		</Unit>
		<Unit filename="C:/Users/xgd/source/repos/Food-DesignPattern/FoodClient/../../../../../../Qt/5.14.2/msvc2017_64/lib/cmake/Qt5Widgets/Qt5WidgetsConfig.cmake">
			<Option virtualFolder="CMake Files\..\..\..\..\..\..\Qt\5.14.2\msvc2017_64\lib\cmake\Qt5Widgets\"/>
		</Unit>
		<Unit filename="C:/Users/xgd/source/repos/Food-DesignPattern/FoodClient/../../../../../../Qt/5.14.2/msvc2017_64/lib/cmake/Qt5Widgets/Qt5WidgetsConfigExtras.cmake">
			<Option virtualFolder="CMake Files\..\..\..\..\..\..\Qt\5.14.2\msvc2017_64\lib\cmake\Qt5Widgets\"/>
		</Unit>
		<Unit filename="C:/Users/xgd/source/repos/Food-DesignPattern/FoodClient/../../../../../../Qt/5.14.2/msvc2017_64/lib/cmake/Qt5Widgets/Qt5WidgetsConfigVersion.cmake">
			<Option virtualFolder="CMake Files\..\..\..\..\..\..\Qt\5.14.2\msvc2017_64\lib\cmake\Qt5Widgets\"/>
		</Unit>
		<Unit filename="C:/Users/xgd/source/repos/Food-DesignPattern/FoodClient/../../../../../../Qt/5.14.2/msvc2017_64/lib/cmake/Qt5Widgets/Qt5WidgetsMacros.cmake">
			<Option virtualFolder="CMake Files\..\..\..\..\..\..\Qt\5.14.2\msvc2017_64\lib\cmake\Qt5Widgets\"/>
		</Unit>
		<Unit filename="C:/Users/xgd/source/repos/Food-DesignPattern/FoodClient/../../../../../../Qt/5.14.2/msvc2017_64/lib/cmake/Qt5Widgets/Qt5Widgets_QWindowsVistaStylePlugin.cmake">
			<Option virtualFolder="CMake Files\..\..\..\..\..\..\Qt\5.14.2\msvc2017_64\lib\cmake\Qt5Widgets\"/>
		</Unit>
		<Unit filename="C:/Users/xgd/source/repos/Food-DesignPattern/FoodClient/../../../../../../Qt/5.14.2/msvc2017_64/lib/cmake/Qt5Gui/Qt5GuiConfig.cmake">
			<Option virtualFolder="CMake Files\..\..\..\..\..\..\Qt\5.14.2\msvc2017_64\lib\cmake\Qt5Gui\"/>
		</Unit>
		<Unit filename="C:/Users/xgd/source/repos/Food-DesignPattern/FoodClient/../../../../../../Qt/5.14.2/msvc2017_64/lib/cmake/Qt5Gui/Qt5GuiConfigExtras.cmake">
			<Option virtualFolder="CMake Files\..\..\..\..\..\..\Qt\5.14.2\msvc2017_64\lib\cmake\Qt5Gui\"/>
		</Unit>
		<Unit filename="C:/Users/xgd/source/repos/Food-DesignPattern/FoodClient/../../../../../../Qt/5.14.2/msvc2017_64/lib/cmake/Qt5Gui/Qt5GuiConfigVersion.cmake">
			<Option virtualFolder="CMake Files\..\..\..\..\..\..\Qt\5.14.2\msvc2017_64\lib\cmake\Qt5Gui\"/>
		</Unit>
		<Unit filename="C:/Users/xgd/source/repos/Food-DesignPattern/FoodClient/../../../../../../Qt/5.14.2/msvc2017_64/lib/cmake/Qt5Gui/Qt5Gui_QGifPlugin.cmake">
			<Option virtualFolder="CMake Files\..\..\..\..\..\..\Qt\5.14.2\msvc2017_64\lib\cmake\Qt5Gui\"/>
		</Unit>
		<Unit filename="C:/Users/xgd/source/repos/Food-DesignPattern/FoodClient/../../../../../../Qt/5.14.2/msvc2017_64/lib/cmake/Qt5Gui/Qt5Gui_QICNSPlugin.cmake">
			<Option virtualFolder="CMake Files\..\..\..\..\..\..\Qt\5.14.2\msvc2017_64\lib\cmake\Qt5Gui\"/>
		</Unit>
		<Unit filename="C:/Users/xgd/source/repos/Food-DesignPattern/FoodClient/../../../../../../Qt/5.14.2/msvc2017_64/lib/cmake/Qt5Gui/Qt5Gui_QICOPlugin.cmake">
			<Option virtualFolder="CMake Files\..\..\..\..\..\..\Qt\5.14.2\msvc2017_64\lib\cmake\Qt5Gui\"/>
		</Unit>
		<Unit filename="C:/Users/xgd/source/repos/Food-DesignPattern/FoodClient/../../../../../../Qt/5.14.2/msvc2017_64/lib/cmake/Qt5Gui/Qt5Gui_QJpegPlugin.cmake">
			<Option virtualFolder="CMake Files\..\..\..\..\..\..\Qt\5.14.2\msvc2017_64\lib\cmake\Qt5Gui\"/>
		</Unit>
		<Unit filename="C:/Users/xgd/source/repos/Food-DesignPattern/FoodClient/../../../../../../Qt/5.14.2/msvc2017_64/lib/cmake/Qt5Gui/Qt5Gui_QMinimalIntegrationPlugin.cmake">
			<Option virtualFolder="CMake Files\..\..\..\..\..\..\Qt\5.14.2\msvc2017_64\lib\cmake\Qt5Gui\"/>
		</Unit>
		<Unit filename="C:/Users/xgd/source/repos/Food-DesignPattern/FoodClient/../../../../../../Qt/5.14.2/msvc2017_64/lib/cmake/Qt5Gui/Qt5Gui_QOffscreenIntegrationPlugin.cmake">
			<Option virtualFolder="CMake Files\..\..\..\..\..\..\Qt\5.14.2\msvc2017_64\lib\cmake\Qt5Gui\"/>
		</Unit>
		<Unit filename="C:/Users/xgd/source/repos/Food-DesignPattern/FoodClient/../../../../../../Qt/5.14.2/msvc2017_64/lib/cmake/Qt5Gui/Qt5Gui_QSvgIconPlugin.cmake">
			<Option virtualFolder="CMake Files\..\..\..\..\..\..\Qt\5.14.2\msvc2017_64\lib\cmake\Qt5Gui\"/>
		</Unit>
		<Unit filename="C:/Users/xgd/source/repos/Food-DesignPattern/FoodClient/../../../../../../Qt/5.14.2/msvc2017_64/lib/cmake/Qt5Gui/Qt5Gui_QSvgPlugin.cmake">
			<Option virtualFolder="CMake Files\..\..\..\..\..\..\Qt\5.14.2\msvc2017_64\lib\cmake\Qt5Gui\"/>
		</Unit>
		<Unit filename="C:/Users/xgd/source/repos/Food-DesignPattern/FoodClient/../../../../../../Qt/5.14.2/msvc2017_64/lib/cmake/Qt5Gui/Qt5Gui_QTgaPlugin.cmake">
			<Option virtualFolder="CMake Files\..\..\..\..\..\..\Qt\5.14.2\msvc2017_64\lib\cmake\Qt5Gui\"/>
		</Unit>
		<Unit filename="C:/Users/xgd/source/repos/Food-DesignPattern/FoodClient/../../../../../../Qt/5.14.2/msvc2017_64/lib/cmake/Qt5Gui/Qt5Gui_QTiffPlugin.cmake">
			<Option virtualFolder="CMake Files\..\..\..\..\..\..\Qt\5.14.2\msvc2017_64\lib\cmake\Qt5Gui\"/>
		</Unit>
		<Unit filename="C:/Users/xgd/source/repos/Food-DesignPattern/FoodClient/../../../../../../Qt/5.14.2/msvc2017_64/lib/cmake/Qt5Gui/Qt5Gui_QTuioTouchPlugin.cmake">
			<Option virtualFolder="CMake Files\..\..\..\..\..\..\Qt\5.14.2\msvc2017_64\lib\cmake\Qt5Gui\"/>
		</Unit>
		<Unit filename="C:/Users/xgd/source/repos/Food-DesignPattern/FoodClient/../../../../../../Qt/5.14.2/msvc2017_64/lib/cmake/Qt5Gui/Qt5Gui_QVirtualKeyboardPlugin.cmake">
			<Option virtualFolder="CMake Files\..\..\..\..\..\..\Qt\5.14.2\msvc2017_64\lib\cmake\Qt5Gui\"/>
		</Unit>
		<Unit filename="C:/Users/xgd/source/repos/Food-DesignPattern/FoodClient/../../../../../../Qt/5.14.2/msvc2017_64/lib/cmake/Qt5Gui/Qt5Gui_QWbmpPlugin.cmake">
			<Option virtualFolder="CMake Files\..\..\..\..\..\..\Qt\5.14.2\msvc2017_64\lib\cmake\Qt5Gui\"/>
		</Unit>
		<Unit filename="C:/Users/xgd/source/repos/Food-DesignPattern/FoodClient/../../../../../../Qt/5.14.2/msvc2017_64/lib/cmake/Qt5Gui/Qt5Gui_QWebGLIntegrationPlugin.cmake">
			<Option virtualFolder="CMake Files\..\..\..\..\..\..\Qt\5.14.2\msvc2017_64\lib\cmake\Qt5Gui\"/>
		</Unit>
		<Unit filename="C:/Users/xgd/source/repos/Food-DesignPattern/FoodClient/../../../../../../Qt/5.14.2/msvc2017_64/lib/cmake/Qt5Gui/Qt5Gui_QWebpPlugin.cmake">
			<Option virtualFolder="CMake Files\..\..\..\..\..\..\Qt\5.14.2\msvc2017_64\lib\cmake\Qt5Gui\"/>
		</Unit>
		<Unit filename="C:/Users/xgd/source/repos/Food-DesignPattern/FoodClient/../../../../../../Qt/5.14.2/msvc2017_64/lib/cmake/Qt5Gui/Qt5Gui_QWindowsDirect2DIntegrationPlugin.cmake">
			<Option virtualFolder="CMake Files\..\..\..\..\..\..\Qt\5.14.2\msvc2017_64\lib\cmake\Qt5Gui\"/>
		</Unit>
		<Unit filename="C:/Users/xgd/source/repos/Food-DesignPattern/FoodClient/../../../../../../Qt/5.14.2/msvc2017_64/lib/cmake/Qt5Gui/Qt5Gui_QWindowsIntegrationPlugin.cmake">
			<Option virtualFolder="CMake Files\..\..\..\..\..\..\Qt\5.14.2\msvc2017_64\lib\cmake\Qt5Gui\"/>
		</Unit>
		<Unit filename="C:/Users/xgd/source/repos/Food-DesignPattern/FoodClient/../../../../../../Qt/5.14.2/msvc2017_64/lib/cmake/Qt5Gui/Qt5Gui_QXdgDesktopPortalThemePlugin.cmake">
			<Option virtualFolder="CMake Files\..\..\..\..\..\..\Qt\5.14.2\msvc2017_64\lib\cmake\Qt5Gui\"/>
		</Unit>
		<Unit filename="C:/Users/xgd/source/repos/Food-DesignPattern/FoodClient/../../../../../../Qt/5.14.2/msvc2017_64/lib/cmake/Qt5Core/Qt5CoreConfig.cmake">
			<Option virtualFolder="CMake Files\..\..\..\..\..\..\Qt\5.14.2\msvc2017_64\lib\cmake\Qt5Core\"/>
		</Unit>
		<Unit filename="C:/Users/xgd/source/repos/Food-DesignPattern/FoodClient/../../../../../../Qt/5.14.2/msvc2017_64/lib/cmake/Qt5Core/Qt5CoreConfigExtras.cmake">
			<Option virtualFolder="CMake Files\..\..\..\..\..\..\Qt\5.14.2\msvc2017_64\lib\cmake\Qt5Core\"/>
		</Unit>
		<Unit filename="C:/Users/xgd/source/repos/Food-DesignPattern/FoodClient/../../../../../../Qt/5.14.2/msvc2017_64/lib/cmake/Qt5Core/Qt5CoreConfigExtrasMkspecDir.cmake">
			<Option virtualFolder="CMake Files\..\..\..\..\..\..\Qt\5.14.2\msvc2017_64\lib\cmake\Qt5Core\"/>
		</Unit>
		<Unit filename="C:/Users/xgd/source/repos/Food-DesignPattern/FoodClient/../../../../../../Qt/5.14.2/msvc2017_64/lib/cmake/Qt5Core/Qt5CoreConfigVersion.cmake">
			<Option virtualFolder="CMake Files\..\..\..\..\..\..\Qt\5.14.2\msvc2017_64\lib\cmake\Qt5Core\"/>
		</Unit>
		<Unit filename="C:/Users/xgd/source/repos/Food-DesignPattern/FoodClient/../../../../../../Qt/5.14.2/msvc2017_64/lib/cmake/Qt5Core/Qt5CoreMacros.cmake">
			<Option virtualFolder="CMake Files\..\..\..\..\..\..\Qt\5.14.2\msvc2017_64\lib\cmake\Qt5Core\"/>
		</Unit>
		<Unit filename="C:/Users/xgd/source/repos/Food-DesignPattern/FoodClient/../../../../../../Qt/5.14.2/msvc2017_64/lib/cmake/Qt5Network/Qt5NetworkConfig.cmake">
			<Option virtualFolder="CMake Files\..\..\..\..\..\..\Qt\5.14.2\msvc2017_64\lib\cmake\Qt5Network\"/>
		</Unit>
		<Unit filename="C:/Users/xgd/source/repos/Food-DesignPattern/FoodClient/../../../../../../Qt/5.14.2/msvc2017_64/lib/cmake/Qt5Network/Qt5NetworkConfigVersion.cmake">
			<Option virtualFolder="CMake Files\..\..\..\..\..\..\Qt\5.14.2\msvc2017_64\lib\cmake\Qt5Network\"/>
		</Unit>
		<Unit filename="C:/Users/xgd/source/repos/Food-DesignPattern/FoodClient/../../../../../../Qt/5.14.2/msvc2017_64/lib/cmake/Qt5Network/Qt5Network_QGenericEnginePlugin.cmake">
			<Option virtualFolder="CMake Files\..\..\..\..\..\..\Qt\5.14.2\msvc2017_64\lib\cmake\Qt5Network\"/>
		</Unit>
	</Project>
</CodeBlocks_project_file>
